
Microsoft Visual Studio Solution File, Format Version 12.00
# Visual Studio Version 17
VisualStudioVersion = 17.5.33530.505
MinimumVisualStudioVersion = 10.0.40219.1
Project("{FAE04EC0-301F-11D3-BF4B-00C04F79EFBC}") = "Diary4CuratorFullEdition", "Diary4CuratorFullEdition.csproj", "{2138F7D6-F884-4689-9C3E-5FEE2929447E}"
EndProject
Global
	GlobalSection(SolutionConfigurationPlatforms) = preSolution
		Debug|Any CPU = Debug|Any CPU
		Release|Any CPU = Release|Any CPU
	EndGlobalSection
	GlobalSection(ProjectConfigurationPlatforms) = postSolution
		{2138F7D6-F884-4689-9C3E-5FEE2929447E}.Debug|Any CPU.ActiveCfg = Debug|Any CPU
		{2138F7D6-F884-4689-9C3E-5FEE2929447E}.Debug|Any CPU.Build.0 = Debug|Any CPU
		{2138F7D6-F884-4689-9C3E-5FEE2929447E}.Release|Any CPU.ActiveCfg = Release|Any CPU
		{2138F7D6-F884-4689-9C3E-5FEE2929447E}.Release|Any CPU.Build.0 = Release|Any CPU
	EndGlobalSection
	GlobalSection(SolutionProperties) = preSolution
		HideSolutionNode = FALSE
	EndGlobalSection
	GlobalSection(ExtensibilityGlobals) = postSolution
		SolutionGuid = {80EFD3CE-2EDC-4CF5-81CA-E5D2177562FC}
	EndGlobalSection
EndGlobal
